
Microsoft Visual Studio Solution File, Format Version 12.00
# Visual Studio Version 17
VisualStudioVersion = 17.6.33815.320
MinimumVisualStudioVersion = 10.0.40219.1
Project("{FAE04EC0-301F-11D3-BF4B-00C04F79EFBC}") = "MultiThreadingExceptionHandling", "MultiThreadingExceptionHandling\MultiThreadingExceptionHandling.csproj", "{63C4FAF6-566B-4398-8E70-0BBACB1348A7}"
EndProject
Global
	GlobalSection(SolutionConfigurationPlatforms) = preSolution
		Debug|Any CPU = Debug|Any CPU
		Release|Any CPU = Release|Any CPU
	EndGlobalSection
	GlobalSection(ProjectConfigurationPlatforms) = postSolution
		{63C4FAF6-566B-4398-8E70-0BBACB1348A7}.Debug|Any CPU.ActiveCfg = Debug|Any CPU
		{63C4FAF6-566B-4398-8E70-0BBACB1348A7}.Debug|Any CPU.Build.0 = Debug|Any CPU
		{63C4FAF6-566B-4398-8E70-0BBACB1348A7}.Release|Any CPU.ActiveCfg = Release|Any CPU
		{63C4FAF6-566B-4398-8E70-0BBACB1348A7}.Release|Any CPU.Build.0 = Release|Any CPU
	EndGlobalSection
	GlobalSection(SolutionProperties) = preSolution
		HideSolutionNode = FALSE
	EndGlobalSection
	GlobalSection(ExtensibilityGlobals) = postSolution
		SolutionGuid = {EEF47788-A303-4004-8BB9-BAF1E5EA400F}
	EndGlobalSection
EndGlobal
