
Microsoft Visual Studio Solution File, Format Version 12.00
# Visual Studio Version 17
VisualStudioVersion = 17.6.33815.320
MinimumVisualStudioVersion = 10.0.40219.1
Project("{FAE04EC0-301F-11D3-BF4B-00C04F79EFBC}") = "SignUpAndLoginApp", "SignUpAndLoginApp\SignUpAndLoginApp.csproj", "{4FF5F70A-7367-4994-90AE-3E84FFAF5F24}"
EndProject
Project("{FAE04EC0-301F-11D3-BF4B-00C04F79EFBC}") = "DataLayer", "DataLayer\DataLayer.csproj", "{32A53AB4-A4D5-4A57-BD46-BB81EB2BFA46}"
EndProject
Project("{FAE04EC0-301F-11D3-BF4B-00C04F79EFBC}") = "BusinessLayer", "BusinessLayer\BusinessLayer.csproj", "{6B93FFFB-A740-4444-AF01-173BF377CD24}"
EndProject
Project("{FAE04EC0-301F-11D3-BF4B-00C04F79EFBC}") = "BusinessModel", "BusinessModel\BusinessModel.csproj", "{9B5BA415-84C5-4281-B0BA-BD54607AFB99}"
EndProject
Global
	GlobalSection(SolutionConfigurationPlatforms) = preSolution
		Debug|Any CPU = Debug|Any CPU
		Release|Any CPU = Release|Any CPU
	EndGlobalSection
	GlobalSection(ProjectConfigurationPlatforms) = postSolution
		{4FF5F70A-7367-4994-90AE-3E84FFAF5F24}.Debug|Any CPU.ActiveCfg = Debug|Any CPU
		{4FF5F70A-7367-4994-90AE-3E84FFAF5F24}.Debug|Any CPU.Build.0 = Debug|Any CPU
		{4FF5F70A-7367-4994-90AE-3E84FFAF5F24}.Release|Any CPU.ActiveCfg = Release|Any CPU
		{4FF5F70A-7367-4994-90AE-3E84FFAF5F24}.Release|Any CPU.Build.0 = Release|Any CPU
		{32A53AB4-A4D5-4A57-BD46-BB81EB2BFA46}.Debug|Any CPU.ActiveCfg = Debug|Any CPU
		{32A53AB4-A4D5-4A57-BD46-BB81EB2BFA46}.Debug|Any CPU.Build.0 = Debug|Any CPU
		{32A53AB4-A4D5-4A57-BD46-BB81EB2BFA46}.Release|Any CPU.ActiveCfg = Release|Any CPU
		{32A53AB4-A4D5-4A57-BD46-BB81EB2BFA46}.Release|Any CPU.Build.0 = Release|Any CPU
		{6B93FFFB-A740-4444-AF01-173BF377CD24}.Debug|Any CPU.ActiveCfg = Debug|Any CPU
		{6B93FFFB-A740-4444-AF01-173BF377CD24}.Debug|Any CPU.Build.0 = Debug|Any CPU
		{6B93FFFB-A740-4444-AF01-173BF377CD24}.Release|Any CPU.ActiveCfg = Release|Any CPU
		{6B93FFFB-A740-4444-AF01-173BF377CD24}.Release|Any CPU.Build.0 = Release|Any CPU
		{9B5BA415-84C5-4281-B0BA-BD54607AFB99}.Debug|Any CPU.ActiveCfg = Debug|Any CPU
		{9B5BA415-84C5-4281-B0BA-BD54607AFB99}.Debug|Any CPU.Build.0 = Debug|Any CPU
		{9B5BA415-84C5-4281-B0BA-BD54607AFB99}.Release|Any CPU.ActiveCfg = Release|Any CPU
		{9B5BA415-84C5-4281-B0BA-BD54607AFB99}.Release|Any CPU.Build.0 = Release|Any CPU
	EndGlobalSection
	GlobalSection(SolutionProperties) = preSolution
		HideSolutionNode = FALSE
	EndGlobalSection
	GlobalSection(ExtensibilityGlobals) = postSolution
		SolutionGuid = {3ACB1D3D-9572-4E18-B669-43E81D4DA739}
	EndGlobalSection
EndGlobal
